# This file is automatically @generated by Cargo.
# It is not intended for manual editing.
version = 4

[[package]]
name = "cc"
version = "1.2.21"
source = "registry+https://github.com/rust-lang/crates.io-index"
checksum = "8691782945451c1c383942c4874dbe63814f61cb57ef773cda2972682b7bb3c0"
dependencies = [
 "shlex",
]

[[package]]
name = "glob"
version = "0.3.2"
source = "registry+https://github.com/rust-lang/crates.io-index"
checksum = "a8d1add55171497b4705a648c6b583acafb01d58050a51727785f0b2c8e0a2b2"

[[package]]
name = "lute-prebuilts-chooser"
version = "0.1.0"
source = "git+https://github.com/mluau/lute-prebuilts-chooser#98655d66bd042def20e4906fec5317950a689340"
dependencies = [
 "lute-prebuilts-linux",
]

[[package]]
name = "lute-prebuilts-linux"
version = "0.1.0"
source = "git+https://github.com/mluau/lute-prebuilts-linux#bc16461661f6ec36c4be6238b4f8d7d90667305a"
dependencies = [
 "lute-src-rs-common",
]

[[package]]
name = "lute-src-rs"
version = "0.1.0"
dependencies = [
 "cc",
 "lute-src-rs-common",
]

[[package]]
name = "lute-src-rs-common"
version = "0.1.0"
source = "git+https://github.com/mluau/lute-src-rs-common#9089be39dfdc8995e2873a09cd7062ce95319c91"
dependencies = [
 "cc",
]

[[package]]
name = "make_prebuilt"
version = "0.1.0"
dependencies = [
 "cc",
 "glob",
 "lute-src-rs-common",
]

[[package]]
name = "shlex"
version = "1.3.0"
source = "registry+https://github.com/rust-lang/crates.io-index"
checksum = "0fda2ff0d084019ba4d7c6f371c95d8fd75ce3524c3cb8fb653a3023f6323e64"

[[package]]
name = "testcrate"
version = "0.1.0"
dependencies = [
 "lute-prebuilts-chooser",
 "lute-src-rs",
]
